
Microsoft Visual Studio Solution File, Format Version 12.00
# Visual Studio Version 17
VisualStudioVersion = 17.0.32014.148
MinimumVisualStudioVersion = 10.0.40219.1
Project("{2150E333-8FDC-42A3-9474-1A3956D46DE8}") = "EventBusProjects", "EventBusProjects", "{C24A3678-8EBA-44EE-8F01-AF54EEA6BDA6}"
EndProject
Project("{9A19103F-16F7-4668-BE54-9A1E7A4F7556}") = "EventBus", "EventBus\EventBus.csproj", "{4991B6E1-A66F-49F1-887E-347CB0790624}"
EndProject
Project("{9A19103F-16F7-4668-BE54-9A1E7A4F7556}") = "EventBusRabbitMQ", "EventBusRabbitMQ\EventBusRabbitMQ.csproj", "{2841700F-0B30-4F3C-B963-765CF5E3FB3A}"
EndProject
Project("{2150E333-8FDC-42A3-9474-1A3956D46DE8}") = "tests", "tests", "{5FA98DD3-67B5-4237-9728-7FDFAE1AA7F0}"
EndProject
Project("{9A19103F-16F7-4668-BE54-9A1E7A4F7556}") = "EventBus.Tests", "EventBus.Tests\EventBus.Tests.csproj", "{FB8A90DD-4DEA-43C1-9CFC-F561AEC427E0}"
EndProject
Project("{2150E333-8FDC-42A3-9474-1A3956D46DE8}") = "Services", "Services", "{DA607AD0-F92C-480C-81B5-34831DD43DB0}"
EndProject
Project("{9A19103F-16F7-4668-BE54-9A1E7A4F7556}") = "Identity.API", "Identity.API\Identity.API.csproj", "{07D954E2-5D3B-4B2C-B7D3-97C17BEDA380}"
EndProject
Project("{9A19103F-16F7-4668-BE54-9A1E7A4F7556}") = "Basket.API", "Basket.API\Basket.API.csproj", "{94EAD034-4F2A-4AE1-851D-936DA3ACE377}"
EndProject
Project("{9A19103F-16F7-4668-BE54-9A1E7A4F7556}") = "Catalog.API", "Catalog.API\Catalog.API.csproj", "{9C8F51B0-B6F9-41BE-956A-F480E1A6B0FD}"
EndProject
Project("{9A19103F-16F7-4668-BE54-9A1E7A4F7556}") = "IntegrationEventLogEF", "IntegrationEventLogEF\IntegrationEventLogEF.csproj", "{18BFC5CD-6848-43A1-99BC-6CB4AFEA3A62}"
EndProject
Project("{2150E333-8FDC-42A3-9474-1A3956D46DE8}") = "Ordering", "Ordering", "{D9A2F9B0-DF8C-4377-AF46-E4981F42A58F}"
EndProject
Project("{9A19103F-16F7-4668-BE54-9A1E7A4F7556}") = "Ordering.Domain", "Ordering.Domain\Ordering.Domain.csproj", "{DF80679B-C7FF-443A-B17E-A333CF1550E2}"
EndProject
Project("{9A19103F-16F7-4668-BE54-9A1E7A4F7556}") = "Ordering.Infastructure", "Ordering.Infastructure\Ordering.Infastructure.csproj", "{012A5825-5D6C-4062-A560-74939871561D}"
EndProject
Project("{9A19103F-16F7-4668-BE54-9A1E7A4F7556}") = "Ordering.API", "Ordering.API\Ordering.API.csproj", "{33AB5BDC-DF4D-458E-AB75-3EA00033730C}"
EndProject
Project("{2150E333-8FDC-42A3-9474-1A3956D46DE8}") = "ApiGateways", "ApiGateways", "{DFFBEC51-938E-4606-B596-42231EBB5103}"
EndProject
Project("{FAE04EC0-301F-11D3-BF4B-00C04F79EFBC}") = "Web.HttpAggregator", "Web.HttpAggregator\Web.HttpAggregator.csproj", "{17284421-3995-44E8-B674-8FE34966201C}"
EndProject
Global
	GlobalSection(SolutionConfigurationPlatforms) = preSolution
		Debug|Any CPU = Debug|Any CPU
		Release|Any CPU = Release|Any CPU
	EndGlobalSection
	GlobalSection(ProjectConfigurationPlatforms) = postSolution
		{4991B6E1-A66F-49F1-887E-347CB0790624}.Debug|Any CPU.ActiveCfg = Debug|Any CPU
		{4991B6E1-A66F-49F1-887E-347CB0790624}.Debug|Any CPU.Build.0 = Debug|Any CPU
		{4991B6E1-A66F-49F1-887E-347CB0790624}.Release|Any CPU.ActiveCfg = Release|Any CPU
		{4991B6E1-A66F-49F1-887E-347CB0790624}.Release|Any CPU.Build.0 = Release|Any CPU
		{2841700F-0B30-4F3C-B963-765CF5E3FB3A}.Debug|Any CPU.ActiveCfg = Debug|Any CPU
		{2841700F-0B30-4F3C-B963-765CF5E3FB3A}.Debug|Any CPU.Build.0 = Debug|Any CPU
		{2841700F-0B30-4F3C-B963-765CF5E3FB3A}.Release|Any CPU.ActiveCfg = Release|Any CPU
		{2841700F-0B30-4F3C-B963-765CF5E3FB3A}.Release|Any CPU.Build.0 = Release|Any CPU
		{FB8A90DD-4DEA-43C1-9CFC-F561AEC427E0}.Debug|Any CPU.ActiveCfg = Debug|Any CPU
		{FB8A90DD-4DEA-43C1-9CFC-F561AEC427E0}.Debug|Any CPU.Build.0 = Debug|Any CPU
		{FB8A90DD-4DEA-43C1-9CFC-F561AEC427E0}.Release|Any CPU.ActiveCfg = Release|Any CPU
		{FB8A90DD-4DEA-43C1-9CFC-F561AEC427E0}.Release|Any CPU.Build.0 = Release|Any CPU
		{07D954E2-5D3B-4B2C-B7D3-97C17BEDA380}.Debug|Any CPU.ActiveCfg = Debug|Any CPU
		{07D954E2-5D3B-4B2C-B7D3-97C17BEDA380}.Debug|Any CPU.Build.0 = Debug|Any CPU
		{07D954E2-5D3B-4B2C-B7D3-97C17BEDA380}.Release|Any CPU.ActiveCfg = Release|Any CPU
		{07D954E2-5D3B-4B2C-B7D3-97C17BEDA380}.Release|Any CPU.Build.0 = Release|Any CPU
		{94EAD034-4F2A-4AE1-851D-936DA3ACE377}.Debug|Any CPU.ActiveCfg = Debug|Any CPU
		{94EAD034-4F2A-4AE1-851D-936DA3ACE377}.Debug|Any CPU.Build.0 = Debug|Any CPU
		{94EAD034-4F2A-4AE1-851D-936DA3ACE377}.Release|Any CPU.ActiveCfg = Release|Any CPU
		{94EAD034-4F2A-4AE1-851D-936DA3ACE377}.Release|Any CPU.Build.0 = Release|Any CPU
		{9C8F51B0-B6F9-41BE-956A-F480E1A6B0FD}.Debug|Any CPU.ActiveCfg = Debug|Any CPU
		{9C8F51B0-B6F9-41BE-956A-F480E1A6B0FD}.Debug|Any CPU.Build.0 = Debug|Any CPU
		{9C8F51B0-B6F9-41BE-956A-F480E1A6B0FD}.Release|Any CPU.ActiveCfg = Release|Any CPU
		{9C8F51B0-B6F9-41BE-956A-F480E1A6B0FD}.Release|Any CPU.Build.0 = Release|Any CPU
		{18BFC5CD-6848-43A1-99BC-6CB4AFEA3A62}.Debug|Any CPU.ActiveCfg = Debug|Any CPU
		{18BFC5CD-6848-43A1-99BC-6CB4AFEA3A62}.Debug|Any CPU.Build.0 = Debug|Any CPU
		{18BFC5CD-6848-43A1-99BC-6CB4AFEA3A62}.Release|Any CPU.ActiveCfg = Release|Any CPU
		{18BFC5CD-6848-43A1-99BC-6CB4AFEA3A62}.Release|Any CPU.Build.0 = Release|Any CPU
		{DF80679B-C7FF-443A-B17E-A333CF1550E2}.Debug|Any CPU.ActiveCfg = Debug|Any CPU
		{DF80679B-C7FF-443A-B17E-A333CF1550E2}.Debug|Any CPU.Build.0 = Debug|Any CPU
		{DF80679B-C7FF-443A-B17E-A333CF1550E2}.Release|Any CPU.ActiveCfg = Release|Any CPU
		{DF80679B-C7FF-443A-B17E-A333CF1550E2}.Release|Any CPU.Build.0 = Release|Any CPU
		{012A5825-5D6C-4062-A560-74939871561D}.Debug|Any CPU.ActiveCfg = Debug|Any CPU
		{012A5825-5D6C-4062-A560-74939871561D}.Debug|Any CPU.Build.0 = Debug|Any CPU
		{012A5825-5D6C-4062-A560-74939871561D}.Release|Any CPU.ActiveCfg = Release|Any CPU
		{012A5825-5D6C-4062-A560-74939871561D}.Release|Any CPU.Build.0 = Release|Any CPU
		{33AB5BDC-DF4D-458E-AB75-3EA00033730C}.Debug|Any CPU.ActiveCfg = Debug|Any CPU
		{33AB5BDC-DF4D-458E-AB75-3EA00033730C}.Debug|Any CPU.Build.0 = Debug|Any CPU
		{33AB5BDC-DF4D-458E-AB75-3EA00033730C}.Release|Any CPU.ActiveCfg = Release|Any CPU
		{33AB5BDC-DF4D-458E-AB75-3EA00033730C}.Release|Any CPU.Build.0 = Release|Any CPU
		{17284421-3995-44E8-B674-8FE34966201C}.Debug|Any CPU.ActiveCfg = Debug|Any CPU
		{17284421-3995-44E8-B674-8FE34966201C}.Debug|Any CPU.Build.0 = Debug|Any CPU
		{17284421-3995-44E8-B674-8FE34966201C}.Release|Any CPU.ActiveCfg = Release|Any CPU
		{17284421-3995-44E8-B674-8FE34966201C}.Release|Any CPU.Build.0 = Release|Any CPU
	EndGlobalSection
	GlobalSection(SolutionProperties) = preSolution
		HideSolutionNode = FALSE
	EndGlobalSection
	GlobalSection(NestedProjects) = preSolution
		{4991B6E1-A66F-49F1-887E-347CB0790624} = {C24A3678-8EBA-44EE-8F01-AF54EEA6BDA6}
		{2841700F-0B30-4F3C-B963-765CF5E3FB3A} = {C24A3678-8EBA-44EE-8F01-AF54EEA6BDA6}
		{5FA98DD3-67B5-4237-9728-7FDFAE1AA7F0} = {C24A3678-8EBA-44EE-8F01-AF54EEA6BDA6}
		{FB8A90DD-4DEA-43C1-9CFC-F561AEC427E0} = {5FA98DD3-67B5-4237-9728-7FDFAE1AA7F0}
		{07D954E2-5D3B-4B2C-B7D3-97C17BEDA380} = {DA607AD0-F92C-480C-81B5-34831DD43DB0}
		{94EAD034-4F2A-4AE1-851D-936DA3ACE377} = {DA607AD0-F92C-480C-81B5-34831DD43DB0}
		{9C8F51B0-B6F9-41BE-956A-F480E1A6B0FD} = {DA607AD0-F92C-480C-81B5-34831DD43DB0}
		{18BFC5CD-6848-43A1-99BC-6CB4AFEA3A62} = {C24A3678-8EBA-44EE-8F01-AF54EEA6BDA6}
		{D9A2F9B0-DF8C-4377-AF46-E4981F42A58F} = {DA607AD0-F92C-480C-81B5-34831DD43DB0}
		{DF80679B-C7FF-443A-B17E-A333CF1550E2} = {D9A2F9B0-DF8C-4377-AF46-E4981F42A58F}
		{012A5825-5D6C-4062-A560-74939871561D} = {D9A2F9B0-DF8C-4377-AF46-E4981F42A58F}
		{33AB5BDC-DF4D-458E-AB75-3EA00033730C} = {D9A2F9B0-DF8C-4377-AF46-E4981F42A58F}
		{17284421-3995-44E8-B674-8FE34966201C} = {DFFBEC51-938E-4606-B596-42231EBB5103}
	EndGlobalSection
	GlobalSection(ExtensibilityGlobals) = postSolution
		SolutionGuid = {5AAEA3C9-294B-428A-B230-31C01C634327}
	EndGlobalSection
EndGlobal
